
Microsoft Visual Studio Solution File, Format Version 12.00
# Visual Studio Version 17
VisualStudioVersion = 17.11.35327.3
MinimumVisualStudioVersion = 10.0.40219.1
Project("{2150E333-8FDC-42A3-9474-1A3956D46DE8}") = "crs", "crs", "{B61324DB-FA96-4AEC-B62F-1851E21F0800}"
EndProject
Project("{2150E333-8FDC-42A3-9474-1A3956D46DE8}") = "Auth", "Auth", "{F3B6DDD8-FB60-41BC-8F6C-83AF88302BA3}"
EndProject
Project("{9A19103F-16F7-4668-BE54-9A1E7A4F7556}") = "Auth.API", "Auth.Api\Auth.API.csproj", "{8C9D4EC3-8FBE-4860-9ADF-2190F4CB50C5}"
EndProject
Project("{9A19103F-16F7-4668-BE54-9A1E7A4F7556}") = "Auth.Infrastructure.DataAccess", "Auth.DataAccess\Auth.Infrastructure.DataAccess.csproj", "{2A3D2958-CDE7-4A07-AE5F-8CD675F34043}"
EndProject
Project("{9A19103F-16F7-4668-BE54-9A1E7A4F7556}") = "Auth.Domain", "Auth.Domain\Auth.Domain.csproj", "{658BACD4-ED38-4B89-B7E5-5C29AD36D63D}"
EndProject
Project("{2150E333-8FDC-42A3-9474-1A3956D46DE8}") = "Infrastructure", "Infrastructure", "{F469790A-C94A-4365-B949-9866DB9A1B29}"
EndProject
Project("{2150E333-8FDC-42A3-9474-1A3956D46DE8}") = "Contracts", "Contracts", "{2E149C1D-4EA6-4E60-9327-3CDA4EAE7790}"
EndProject
Project("{9A19103F-16F7-4668-BE54-9A1E7A4F7556}") = "Auth.Contracts", "Auth.Contracts\Auth.Contracts.csproj", "{10C85CCA-20FD-4862-BE34-EC51B90C8479}"
EndProject
Project("{9A19103F-16F7-4668-BE54-9A1E7A4F7556}") = "Auth.Infrastructure", "Auth.Infrastructure\Auth.Infrastructure.csproj", "{7F9E2973-5985-4793-BA2D-9B1F9DD27941}"
EndProject
Project("{9A19103F-16F7-4668-BE54-9A1E7A4F7556}") = "Auth.Applicaton", "Auth.Applicaton\Auth.Applicaton.csproj", "{870BE7EB-3C3B-4863-88BC-7F5857444BE6}"
EndProject
Global
	GlobalSection(SolutionConfigurationPlatforms) = preSolution
		Debug|Any CPU = Debug|Any CPU
		Release|Any CPU = Release|Any CPU
	EndGlobalSection
	GlobalSection(ProjectConfigurationPlatforms) = postSolution
		{8C9D4EC3-8FBE-4860-9ADF-2190F4CB50C5}.Debug|Any CPU.ActiveCfg = Debug|Any CPU
		{8C9D4EC3-8FBE-4860-9ADF-2190F4CB50C5}.Debug|Any CPU.Build.0 = Debug|Any CPU
		{8C9D4EC3-8FBE-4860-9ADF-2190F4CB50C5}.Release|Any CPU.ActiveCfg = Release|Any CPU
		{8C9D4EC3-8FBE-4860-9ADF-2190F4CB50C5}.Release|Any CPU.Build.0 = Release|Any CPU
		{2A3D2958-CDE7-4A07-AE5F-8CD675F34043}.Debug|Any CPU.ActiveCfg = Debug|Any CPU
		{2A3D2958-CDE7-4A07-AE5F-8CD675F34043}.Debug|Any CPU.Build.0 = Debug|Any CPU
		{2A3D2958-CDE7-4A07-AE5F-8CD675F34043}.Release|Any CPU.ActiveCfg = Release|Any CPU
		{2A3D2958-CDE7-4A07-AE5F-8CD675F34043}.Release|Any CPU.Build.0 = Release|Any CPU
		{658BACD4-ED38-4B89-B7E5-5C29AD36D63D}.Debug|Any CPU.ActiveCfg = Debug|Any CPU
		{658BACD4-ED38-4B89-B7E5-5C29AD36D63D}.Debug|Any CPU.Build.0 = Debug|Any CPU
		{658BACD4-ED38-4B89-B7E5-5C29AD36D63D}.Release|Any CPU.ActiveCfg = Release|Any CPU
		{658BACD4-ED38-4B89-B7E5-5C29AD36D63D}.Release|Any CPU.Build.0 = Release|Any CPU
		{10C85CCA-20FD-4862-BE34-EC51B90C8479}.Debug|Any CPU.ActiveCfg = Debug|Any CPU
		{10C85CCA-20FD-4862-BE34-EC51B90C8479}.Debug|Any CPU.Build.0 = Debug|Any CPU
		{10C85CCA-20FD-4862-BE34-EC51B90C8479}.Release|Any CPU.ActiveCfg = Release|Any CPU
		{10C85CCA-20FD-4862-BE34-EC51B90C8479}.Release|Any CPU.Build.0 = Release|Any CPU
		{7F9E2973-5985-4793-BA2D-9B1F9DD27941}.Debug|Any CPU.ActiveCfg = Debug|Any CPU
		{7F9E2973-5985-4793-BA2D-9B1F9DD27941}.Debug|Any CPU.Build.0 = Debug|Any CPU
		{7F9E2973-5985-4793-BA2D-9B1F9DD27941}.Release|Any CPU.ActiveCfg = Release|Any CPU
		{7F9E2973-5985-4793-BA2D-9B1F9DD27941}.Release|Any CPU.Build.0 = Release|Any CPU
		{870BE7EB-3C3B-4863-88BC-7F5857444BE6}.Debug|Any CPU.ActiveCfg = Debug|Any CPU
		{870BE7EB-3C3B-4863-88BC-7F5857444BE6}.Debug|Any CPU.Build.0 = Debug|Any CPU
		{870BE7EB-3C3B-4863-88BC-7F5857444BE6}.Release|Any CPU.ActiveCfg = Release|Any CPU
		{870BE7EB-3C3B-4863-88BC-7F5857444BE6}.Release|Any CPU.Build.0 = Release|Any CPU
	EndGlobalSection
	GlobalSection(SolutionProperties) = preSolution
		HideSolutionNode = FALSE
	EndGlobalSection
	GlobalSection(NestedProjects) = preSolution
		{F3B6DDD8-FB60-41BC-8F6C-83AF88302BA3} = {B61324DB-FA96-4AEC-B62F-1851E21F0800}
		{8C9D4EC3-8FBE-4860-9ADF-2190F4CB50C5} = {F3B6DDD8-FB60-41BC-8F6C-83AF88302BA3}
		{2A3D2958-CDE7-4A07-AE5F-8CD675F34043} = {F469790A-C94A-4365-B949-9866DB9A1B29}
		{658BACD4-ED38-4B89-B7E5-5C29AD36D63D} = {F3B6DDD8-FB60-41BC-8F6C-83AF88302BA3}
		{F469790A-C94A-4365-B949-9866DB9A1B29} = {F3B6DDD8-FB60-41BC-8F6C-83AF88302BA3}
		{2E149C1D-4EA6-4E60-9327-3CDA4EAE7790} = {F3B6DDD8-FB60-41BC-8F6C-83AF88302BA3}
		{10C85CCA-20FD-4862-BE34-EC51B90C8479} = {2E149C1D-4EA6-4E60-9327-3CDA4EAE7790}
		{7F9E2973-5985-4793-BA2D-9B1F9DD27941} = {F469790A-C94A-4365-B949-9866DB9A1B29}
		{870BE7EB-3C3B-4863-88BC-7F5857444BE6} = {F3B6DDD8-FB60-41BC-8F6C-83AF88302BA3}
	EndGlobalSection
	GlobalSection(ExtensibilityGlobals) = postSolution
		SolutionGuid = {400E60EC-FCDD-482D-9B37-1441214989B7}
	EndGlobalSection
EndGlobal
